
Microsoft Visual Studio Solution File, Format Version 12.00
# Visual Studio Version 17
VisualStudioVersion = 17.0.32112.339
MinimumVisualStudioVersion = 10.0.40219.1
Project("{8BC9CEB8-8B4A-11D0-8D11-00A0C91BC942}") = "2022-2-11.2", "2022-2-11.2.vcxproj", "{32A5BE7A-C119-467D-8072-591E11A39DBA}"
EndProject
Global
	GlobalSection(SolutionConfigurationPlatforms) = preSolution
		Debug|x64 = Debug|x64
		Debug|x86 = Debug|x86
		Release|x64 = Release|x64
		Release|x86 = Release|x86
	EndGlobalSection
	GlobalSection(ProjectConfigurationPlatforms) = postSolution
		{32A5BE7A-C119-467D-8072-591E11A39DBA}.Debug|x64.ActiveCfg = Debug|x64
		{32A5BE7A-C119-467D-8072-591E11A39DBA}.Debug|x64.Build.0 = Debug|x64
		{32A5BE7A-C119-467D-8072-591E11A39DBA}.Debug|x86.ActiveCfg = Debug|Win32
		{32A5BE7A-C119-467D-8072-591E11A39DBA}.Debug|x86.Build.0 = Debug|Win32
		{32A5BE7A-C119-467D-8072-591E11A39DBA}.Release|x64.ActiveCfg = Release|x64
		{32A5BE7A-C119-467D-8072-591E11A39DBA}.Release|x64.Build.0 = Release|x64
		{32A5BE7A-C119-467D-8072-591E11A39DBA}.Release|x86.ActiveCfg = Release|Win32
		{32A5BE7A-C119-467D-8072-591E11A39DBA}.Release|x86.Build.0 = Release|Win32
	EndGlobalSection
	GlobalSection(SolutionProperties) = preSolution
		HideSolutionNode = FALSE
	EndGlobalSection
	GlobalSection(ExtensibilityGlobals) = postSolution
		SolutionGuid = {506201DB-B41B-4360-893D-5C36B3BAE233}
	EndGlobalSection
EndGlobal
